PODS:
  - Expecta (0.2.4)
  - OCHamcrest (3.0.1)
  - OCMock (2.2.3)
  - OCMockito (1.1.0):
    - OCHamcrest (~> 3.0)
  - Specta (0.2.1)

DEPENDENCIES:
  - Expecta (~> 0.2)
  - OCMock (~> 2.2.2)
  - OCMockito (~> 1.1)
  - Specta (~> 0.2.1)

SPEC CHECKSUMS:
  Expecta: 5c147dedfea5fbcf773995f7e65020abcc936ce5
  OCHamcrest: 782c52ae8c673e5d6060a65005cfd26d20d519ba
  OCMock: 74e4ddbcef134170dcc844f91c691f13868075d7
  OCMockito: 317fa0cf75c9b0d73d2be335789c556537be7fd2
  Specta: 2d06220591110c6d9757d8be8ecf8e63aa40dc2a

COCOAPODS: 0.29.0
